
Microsoft Visual Studio Solution File, Format Version 12.00
# Visual Studio Version 17
VisualStudioVersion = 17.10.34928.147
MinimumVisualStudioVersion = 10.0.40219.1
Project("{FAE04EC0-301F-11D3-BF4B-00C04F79EFBC}") = "Logics", "Hospital_Example\Logics.csproj", "{C07B0BE6-A8F5-4F8F-A109-443592D1142B}"
EndProject
Project("{FAE04EC0-301F-11D3-BF4B-00C04F79EFBC}") = "Program", "Program\Program.csproj", "{58D0ABFA-5EA9-466C-83CA-239BFC0CB1E7}"
EndProject
Global
	GlobalSection(SolutionConfigurationPlatforms) = preSolution
		Debug|Any CPU = Debug|Any CPU
		Release|Any CPU = Release|Any CPU
	EndGlobalSection
	GlobalSection(ProjectConfigurationPlatforms) = postSolution
		{C07B0BE6-A8F5-4F8F-A109-443592D1142B}.Debug|Any CPU.ActiveCfg = Debug|Any CPU
		{C07B0BE6-A8F5-4F8F-A109-443592D1142B}.Debug|Any CPU.Build.0 = Debug|Any CPU
		{C07B0BE6-A8F5-4F8F-A109-443592D1142B}.Release|Any CPU.ActiveCfg = Release|Any CPU
		{C07B0BE6-A8F5-4F8F-A109-443592D1142B}.Release|Any CPU.Build.0 = Release|Any CPU
		{58D0ABFA-5EA9-466C-83CA-239BFC0CB1E7}.Debug|Any CPU.ActiveCfg = Debug|Any CPU
		{58D0ABFA-5EA9-466C-83CA-239BFC0CB1E7}.Debug|Any CPU.Build.0 = Debug|Any CPU
		{58D0ABFA-5EA9-466C-83CA-239BFC0CB1E7}.Release|Any CPU.ActiveCfg = Release|Any CPU
		{58D0ABFA-5EA9-466C-83CA-239BFC0CB1E7}.Release|Any CPU.Build.0 = Release|Any CPU
	EndGlobalSection
	GlobalSection(SolutionProperties) = preSolution
		HideSolutionNode = FALSE
	EndGlobalSection
	GlobalSection(ExtensibilityGlobals) = postSolution
		SolutionGuid = {DA7A82FD-2452-40A3-BA27-3B337CC1BF48}
	EndGlobalSection
EndGlobal
